Microsoft Visual Studio Solution File, Format Version 11.00
# Visual Studio 2008

Project("{C4336596-966D-C659-7FAF-AA3A7DA04349}") = "TheMonster", "Assembly-CSharp.csproj", "{CF035E8E-2C2E-A2AA-8690-7ADF780535BA}"
EndProject
Global
	GlobalSection(SolutionConfigurationPlatforms) = preSolution
		Debug|Any CPU = Debug|Any CPU
		Release|Any CPU = Release|Any CPU
	EndGlobalSection
	GlobalSection(ProjectConfigurationPlatforms) = postSolution
		{CF035E8E-2C2E-A2AA-8690-7ADF780535BA}.Debug|Any CPU.ActiveCfg = Debug|Any CPU
		{CF035E8E-2C2E-A2AA-8690-7ADF780535BA}.Debug|Any CPU.Build.0 = Debug|Any CPU
		{CF035E8E-2C2E-A2AA-8690-7ADF780535BA}.Release|Any CPU.ActiveCfg = Release|Any CPU
		{CF035E8E-2C2E-A2AA-8690-7ADF780535BA}.Release|Any CPU.Build.0 = Release|Any CPU
	EndGlobalSection
	GlobalSection(SolutionProperties) = preSolution
		HideSolutionNode = FALSE
	EndGlobalSection
			GlobalSection(MonoDevelopProperties) = preSolution
		StartupItem = Assembly-CSharp.csproj
		Policies = $0
		$0.TextStylePolicy = $1
		$1.inheritsSet = null
		$1.scope = text/x-csharp
		$0.CSharpFormattingPolicy = $2
		$2.inheritsSet = Mono
		$2.inheritsScope = text/x-csharp
		$2.scope = text/x-csharp
		$0.TextStylePolicy = $3
		$3.FileWidth = 120
		$3.TabWidth = 4
		$3.IndentWidth = 4
		$3.EolMarker = Unix
		$3.inheritsSet = Mono
		$3.inheritsScope = text/plain
		$3.scope = text/plain
	EndGlobalSection

EndGlobal
